# THIS IS AN AUTOGENERATED FILE. DO NOT EDIT THIS FILE DIRECTLY.
# yarn lockfile v1


types@^0.1.1:
  version "0.1.1"
  resolved "https://registry.yarnpkg.com/types/-/types-0.1.1.tgz#860c6859d11366293f835d8c95aebcf95029838e"
  integrity sha1-hgxoWdETZik/g12Mla68+VApg44=

typescript@^4.6.3:
  version "4.6.3"
  resolved "https://registry.yarnpkg.com/typescript/-/typescript-4.6.3.tgz#eefeafa6afdd31d725584c67a0eaba80f6fc6c6c"
  integrity sha512-yNIatDa5iaofVozS/uQJEl3JRWLKKGJKh6Yaiv0GLGSuhpFJe7P3SbHZ8/yjAHRQwKRoA6YZqlfjXWmVzoVSMw==
